
Microsoft Visual Studio Solution File, Format Version 12.00
# Visual Studio Version 17
VisualStudioVersion = 17.14.36429.23
MinimumVisualStudioVersion = 10.0.40219.1
Project("{2150E333-8FDC-42A3-9474-1A3956D46DE8}") = "src", "src", "{02EA681E-C7D8-13C7-8484-4AC65E1B71E8}"
EndProject
Project("{FAE04EC0-301F-11D3-BF4B-00C04F79EFBC}") = "Newsletter.Api", "src\Newsletter.Api\Newsletter.Api.csproj", "{90489B12-7EB2-3147-3B34-DEFF49B870DE}"
EndProject
Project("{E53339B2-1760-4266-BCC7-CA923CBCF16C}") = "docker-compose", "docker-compose.dcproj", "{81DDED9D-158B-E303-5F62-77A2896D2A5A}"
EndProject
Project("{2150E333-8FDC-42A3-9474-1A3956D46DE8}") = "tests", "tests", "{94C1CAB3-AC2D-4034-B3F9-D6CC007231FC}"
EndProject
Project("{FAE04EC0-301F-11D3-BF4B-00C04F79EFBC}") = "Newsletter.Api.Tests", "tests\Newsletter.Api.Tests\Newsletter.Api.Tests.csproj", "{EE3065D9-D136-1717-924F-786153BB327D}"
EndProject
Global
	GlobalSection(SolutionConfigurationPlatforms) = preSolution
		Debug|Any CPU = Debug|Any CPU
		Release|Any CPU = Release|Any CPU
	EndGlobalSection
	GlobalSection(ProjectConfigurationPlatforms) = postSolution
		{90489B12-7EB2-3147-3B34-DEFF49B870DE}.Debug|Any CPU.ActiveCfg = Debug|Any CPU
		{90489B12-7EB2-3147-3B34-DEFF49B870DE}.Debug|Any CPU.Build.0 = Debug|Any CPU
		{90489B12-7EB2-3147-3B34-DEFF49B870DE}.Release|Any CPU.ActiveCfg = Release|Any CPU
		{90489B12-7EB2-3147-3B34-DEFF49B870DE}.Release|Any CPU.Build.0 = Release|Any CPU
		{81DDED9D-158B-E303-5F62-77A2896D2A5A}.Debug|Any CPU.ActiveCfg = Debug|Any CPU
		{81DDED9D-158B-E303-5F62-77A2896D2A5A}.Debug|Any CPU.Build.0 = Debug|Any CPU
		{81DDED9D-158B-E303-5F62-77A2896D2A5A}.Release|Any CPU.ActiveCfg = Release|Any CPU
		{81DDED9D-158B-E303-5F62-77A2896D2A5A}.Release|Any CPU.Build.0 = Release|Any CPU
		{EE3065D9-D136-1717-924F-786153BB327D}.Debug|Any CPU.ActiveCfg = Debug|Any CPU
		{EE3065D9-D136-1717-924F-786153BB327D}.Debug|Any CPU.Build.0 = Debug|Any CPU
		{EE3065D9-D136-1717-924F-786153BB327D}.Release|Any CPU.ActiveCfg = Release|Any CPU
		{EE3065D9-D136-1717-924F-786153BB327D}.Release|Any CPU.Build.0 = Release|Any CPU
	EndGlobalSection
	GlobalSection(SolutionProperties) = preSolution
		HideSolutionNode = FALSE
	EndGlobalSection
	GlobalSection(NestedProjects) = preSolution
		{90489B12-7EB2-3147-3B34-DEFF49B870DE} = {02EA681E-C7D8-13C7-8484-4AC65E1B71E8}
		{EE3065D9-D136-1717-924F-786153BB327D} = {94C1CAB3-AC2D-4034-B3F9-D6CC007231FC}
	EndGlobalSection
	GlobalSection(ExtensibilityGlobals) = postSolution
		SolutionGuid = {7E0795ED-E8ED-47AE-B96D-4EDDD726C24C}
	EndGlobalSection
EndGlobal
